{
  "name": "@mison/ag-kit-cn",
  "version": "2.0.1",
  "lockfileVersion": 3,
  "requires": true,
  "packages": {
    "": {
      "name": "@mison/ag-kit-cn",
      "version": "2.0.1",
      "hasInstallScript": true,
      "license": "MIT",
      "bin": {
        "ag-kit": "bin/ag-kit.js"
      }
    }
  }
}
